
Microsoft Visual Studio Solution File, Format Version 12.00
# Visual Studio Version 16
VisualStudioVersion = 16.0.32901.82
MinimumVisualStudioVersion = 10.0.40219.1
Project("{FAE04EC0-301F-11D3-BF4B-00C04F79EFBC}") = "donem_projesi", "donem_projesi\donem_projesi.csproj", "{0F0F631E-4578-437C-98D7-4EA47C537CA7}"
EndProject
Global
	GlobalSection(SolutionConfigurationPlatforms) = preSolution
		Debug|Any CPU = Debug|Any CPU
		Release|Any CPU = Release|Any CPU
	EndGlobalSection
	GlobalSection(ProjectConfigurationPlatforms) = postSolution
		{0F0F631E-4578-437C-98D7-4EA47C537CA7}.Debug|Any CPU.ActiveCfg = Debug|Any CPU
		{0F0F631E-4578-437C-98D7-4EA47C537CA7}.Debug|Any CPU.Build.0 = Debug|Any CPU
		{0F0F631E-4578-437C-98D7-4EA47C537CA7}.Release|Any CPU.ActiveCfg = Release|Any CPU
		{0F0F631E-4578-437C-98D7-4EA47C537CA7}.Release|Any CPU.Build.0 = Release|Any CPU
	EndGlobalSection
	GlobalSection(SolutionProperties) = preSolution
		HideSolutionNode = FALSE
	EndGlobalSection
	GlobalSection(ExtensibilityGlobals) = postSolution
		SolutionGuid = {B4304923-6AA2-49ED-9240-48FFC71549A3}
	EndGlobalSection
EndGlobal
